
Microsoft Visual Studio Solution File, Format Version 12.00
# Visual Studio Version 16
VisualStudioVersion = 16.0.30128.74
MinimumVisualStudioVersion = 10.0.40219.1
Project("{888888A0-9F3D-457C-B088-3A5042F75D52}") = "DataVisProject", "DataVisProject.pyproj", "{8B9F6B8D-007C-4C50-B9D4-F7B553150AA5}"
EndProject
Global
	GlobalSection(SolutionConfigurationPlatforms) = preSolution
		Debug|Any CPU = Debug|Any CPU
		Release|Any CPU = Release|Any CPU
	EndGlobalSection
	GlobalSection(ProjectConfigurationPlatforms) = postSolution
		{8B9F6B8D-007C-4C50-B9D4-F7B553150AA5}.Debug|Any CPU.ActiveCfg = Debug|Any CPU
		{8B9F6B8D-007C-4C50-B9D4-F7B553150AA5}.Release|Any CPU.ActiveCfg = Release|Any CPU
	EndGlobalSection
	GlobalSection(SolutionProperties) = preSolution
		HideSolutionNode = FALSE
	EndGlobalSection
	GlobalSection(ExtensibilityGlobals) = postSolution
		SolutionGuid = {2E561283-93F7-4A89-8587-877C2AC0122C}
	EndGlobalSection
EndGlobal
